
Microsoft Visual Studio Solution File, Format Version 12.00
# Visual Studio Version 17
VisualStudioVersion = 17.9.34701.34
MinimumVisualStudioVersion = 10.0.40219.1
Project("{FAE04EC0-301F-11D3-BF4B-00C04F79EFBC}") = "PCS", "PCS.csproj", "{09BE3F32-EB46-4ADA-89ED-1C1678DC3C1B}"
EndProject
Global
	GlobalSection(SolutionConfigurationPlatforms) = preSolution
		Debug|Any CPU = Debug|Any CPU
		Release|Any CPU = Release|Any CPU
	EndGlobalSection
	GlobalSection(ProjectConfigurationPlatforms) = postSolution
		{09BE3F32-EB46-4ADA-89ED-1C1678DC3C1B}.Debug|Any CPU.ActiveCfg = Debug|Any CPU
		{09BE3F32-EB46-4ADA-89ED-1C1678DC3C1B}.Debug|Any CPU.Build.0 = Debug|Any CPU
		{09BE3F32-EB46-4ADA-89ED-1C1678DC3C1B}.Release|Any CPU.ActiveCfg = Release|Any CPU
		{09BE3F32-EB46-4ADA-89ED-1C1678DC3C1B}.Release|Any CPU.Build.0 = Release|Any CPU
	EndGlobalSection
	GlobalSection(SolutionProperties) = preSolution
		HideSolutionNode = FALSE
	EndGlobalSection
	GlobalSection(ExtensibilityGlobals) = postSolution
		SolutionGuid = {EC4C2A51-2C44-461D-9EE3-FB649B68EC8A}
	EndGlobalSection
EndGlobal
